
Microsoft Visual Studio Solution File, Format Version 12.00
# Visual Studio 2013
VisualStudioVersion = 12.0.40629.0
MinimumVisualStudioVersion = 10.0.40219.1
Project("{8BC9CEB8-8B4A-11D0-8D11-00A0C91BC942}") = "Test", "Test\Test.vcxproj", "{AEA07A6B-5BFB-49E3-B74C-62D309076272}"
EndProject
Global
	GlobalSection(SolutionConfigurationPlatforms) = preSolution
		Debug|Win32 = Debug|Win32
		Release|Win32 = Release|Win32
	EndGlobalSection
	GlobalSection(ProjectConfigurationPlatforms) = postSolution
		{AEA07A6B-5BFB-49E3-B74C-62D309076272}.Debug|Win32.ActiveCfg = Debug|Win32
		{AEA07A6B-5BFB-49E3-B74C-62D309076272}.Debug|Win32.Build.0 = Debug|Win32
		{AEA07A6B-5BFB-49E3-B74C-62D309076272}.Release|Win32.ActiveCfg = Release|Win32
		{AEA07A6B-5BFB-49E3-B74C-62D309076272}.Release|Win32.Build.0 = Release|Win32
	EndGlobalSection
	GlobalSection(SolutionProperties) = preSolution
		HideSolutionNode = FALSE
	EndGlobalSection
EndGlobal
